// !$*UTF8*$!
{
	archiveVersion = 1;
	classes = {
	};
	objectVersion = 55;
	objects = {

/* Begin PBXBuildFile section */
		E52625482721CA2A00A403DC /* MainTableViewController.swift in Sources */ = {isa = PBXBuildFile; fileRef = E52625472721CA2900A403DC /* MainTableViewController.swift */; };
		E526254A2721CC2600A403DC /* TableViewCell.swift in Sources */ = {isa = PBXBuildFile; fileRef = E52625492721CC2600A403DC /* TableViewCell.swift */; };
		E593DD4E27208929006FD2EC /* AppDelegate.swift in Sources */ = {isa = PBXBuildFile; fileRef = E593DD4D27208929006FD2EC /* AppDelegate.swift */; };
		E593DD5027208929006FD2EC /* SceneDelegate.swift in Sources */ = {isa = PBXBuildFile; fileRef = E593DD4F27208929006FD2EC /* SceneDelegate.swift */; };
		E593DD5527208929006FD2EC /* Main.storyboard in Resources */ = {isa = PBXBuildFile; fileRef = E593DD5327208929006FD2EC /* Main.storyboard */; };
		E593DD572720892B006FD2EC /* Assets.xcassets in Resources */ = {isa = PBXBuildFile; fileRef = E593DD562720892B006FD2EC /* Assets.xcassets */; };
		E593DD5A2720892B006FD2EC /* LaunchScreen.storyboard in Resources */ = {isa = PBXBuildFile; fileRef = E593DD582720892B006FD2EC /* LaunchScreen.storyboard */; };
		E593DD62272089BA006FD2EC /* CharactersOfTheUniverse.swift in Sources */ = {isa = PBXBuildFile; fileRef = E593DD61272089BA006FD2EC /* CharactersOfTheUniverse.swift */; };
		E5A4AC7C2721AEEA00435B14 /* .gitignore in Resources */ = {isa = PBXBuildFile; fileRef = E5A4AC7B2721AEEA00435B14 /* .gitignore */; };
/* End PBXBuildFile section */

/* Begin PBXFileReference section */
		E52625472721CA2900A403DC /* MainTableViewController.swift */ = {isa = PBXFileReference; lastKnownFileType = sourcecode.swift; path = MainTableViewController.swift; sourceTree = "<group>"; };
		E52625492721CC2600A403DC /* TableViewCell.swift */ = {isa = PBXFileReference; lastKnownFileType = sourcecode.swift; path = TableViewCell.swift; sourceTree = "<group>"; };
		E593DD4A27208929006FD2EC /* CharactersOfTheUniverseRickAndMorty.app */ = {isa = PBXFileReference; explicitFileType = wrapper.application; includeInIndex = 0; path = CharactersOfTheUniverseRickAndMorty.app; sourceTree = BUILT_PRODUCTS_DIR; };
		E593DD4D27208929006FD2EC /* AppDelegate.swift */ = {isa = PBXFileReference; lastKnownFileType = sourcecode.swift; path = AppDelegate.swift; sourceTree = "<group>"; };
		E593DD4F27208929006FD2EC /* SceneDelegate.swift */ = {isa = PBXFileReference; lastKnownFileType = sourcecode.swift; path = SceneDelegate.swift; sourceTree = "<group>"; };
		E593DD5427208929006FD2EC /* Base */ = {isa = PBXFileReference; lastKnownFileType = file.storyboard; name = Base; path = Base.lproj/Main.storyboard; sourceTree = "<group>"; };
		E593DD562720892B006FD2EC /* Assets.xcassets */ = {isa = PBXFileReference; lastKnownFileType = folder.assetcatalog; path = Assets.xcassets; sourceTree = "<group>"; };
		E593DD592720892B006FD2EC /* Base */ = {isa = PBXFileReference; lastKnownFileType = file.storyboard; name = Base; path = Base.lproj/LaunchScreen.storyboard; sourceTree = "<group>"; };
		E593DD5B2720892B006FD2EC /* Info.plist */ = {isa = PBXFileReference; lastKnownFileType = text.plist; name = Info.plist; path = ../Info.plist; sourceTree = "<group>"; };
		E593DD61272089BA006FD2EC /* CharactersOfTheUniverse.swift */ = {isa = PBXFileReference; lastKnownFileType = sourcecode.swift; path = CharactersOfTheUniverse.swift; sourceTree = "<group>"; };
		E5A4AC7B2721AEEA00435B14 /* .gitignore */ = {isa = PBXFileReference; lastKnownFileType = text; path = .gitignore; sourceTree = "<group>"; };
/* End PBXFileReference section */

/* Begin PBXFrameworksBuildPhase section */
		E593DD4727208929006FD2EC /* Frameworks */ = {
			isa = PBXFrameworksBuildPhase;
			buildActionMask = 2147483647;
			files = (
			);
			runOnlyForDeploymentPostprocessing = 0;
		};
/* End PBXFrameworksBuildPhase section */

/* Begin PBXGroup section */
		E517B1462721AB5500FF203D /* View */ = {
			isa = PBXGroup;
			children = (
				E593DD5327208929006FD2EC /* Main.storyboard */,
				E593DD582720892B006FD2EC /* LaunchScreen.storyboard */,
			);
			path = View;
			sourceTree = "<group>";
		};
		E517B1472721AB5E00FF203D /* Controller */ = {
			isa = PBXGroup;
			children = (
				E593DD4D27208929006FD2EC /* AppDelegate.swift */,
				E593DD4F27208929006FD2EC /* SceneDelegate.swift */,
				E52625472721CA2900A403DC /* MainTableViewController.swift */,
				E52625492721CC2600A403DC /* TableViewCell.swift */,
			);
			path = Controller;
			sourceTree = "<group>";
		};
		E517B1482721AB6900FF203D /* Model */ = {
			isa = PBXGroup;
			children = (
				E593DD61272089BA006FD2EC /* CharactersOfTheUniverse.swift */,
			);
			path = Model;
			sourceTree = "<group>";
		};
		E517B1492721AB7900FF203D /* Supported Files */ = {
			isa = PBXGroup;
			children = (
				E593DD5B2720892B006FD2EC /* Info.plist */,
				E593DD562720892B006FD2EC /* Assets.xcassets */,
			);
			path = "Supported Files";
			sourceTree = "<group>";
		};
		E593DD4127208929006FD2EC = {
			isa = PBXGroup;
			children = (
				E593DD4C27208929006FD2EC /* CharactersOfTheUniverseRickAndMorty */,
				E593DD4B27208929006FD2EC /* Products */,
			);
			sourceTree = "<group>";
		};
		E593DD4B27208929006FD2EC /* Products */ = {
			isa = PBXGroup;
			children = (
				E593DD4A27208929006FD2EC /* CharactersOfTheUniverseRickAndMorty.app */,
			);
			name = Products;
			sourceTree = "<group>";
		};
		E593DD4C27208929006FD2EC /* CharactersOfTheUniverseRickAndMorty */ = {
			isa = PBXGroup;
			children = (
				E517B1482721AB6900FF203D /* Model */,
				E517B1462721AB5500FF203D /* View */,
				E517B1472721AB5E00FF203D /* Controller */,
				E517B1492721AB7900FF203D /* Supported Files */,
				E5A4AC7B2721AEEA00435B14 /* .gitignore */,
			);
			path = CharactersOfTheUniverseRickAndMorty;
			sourceTree = "<group>";
		};
/* End PBXGroup section */

/* Begin PBXNativeTarget section */
		E593DD4927208929006FD2EC /* CharactersOfTheUniverseRickAndMorty */ = {
			isa = PBXNativeTarget;
			buildConfigurationList = E593DD5E2720892B006FD2EC /* Build configuration list for PBXNativeTarget "CharactersOfTheUniverseRickAndMorty" */;
			buildPhases = (
				E593DD4627208929006FD2EC /* Sources */,
				E593DD4727208929006FD2EC /* Frameworks */,
				E593DD4827208929006FD2EC /* Resources */,
			);
			buildRules = (
			);
			dependencies = (
			);
			name = CharactersOfTheUniverseRickAndMorty;
			productName = CharactersOfTheUniverseRickAndMorty;
			productReference = E593DD4A27208929006FD2EC /* CharactersOfTheUniverseRickAndMorty.app */;
			productType = "com.apple.product-type.application";
		};
/* End PBXNativeTarget section */

/* Begin PBXProject section */
		E593DD4227208929006FD2EC /* Project object */ = {
			isa = PBXProject;
			attributes = {
				BuildIndependentTargetsInParallel = 1;
				LastSwiftUpdateCheck = 1300;
				LastUpgradeCheck = 1300;
				TargetAttributes = {
					E593DD4927208929006FD2EC = {
						CreatedOnToolsVersion = 13.0;
					};
				};
			};
			buildConfigurationList = E593DD4527208929006FD2EC /* Build configuration list for PBXProject "CharactersOfTheUniverseRickAndMorty" */;
			compatibilityVersion = "Xcode 13.0";
			developmentRegion = en;
			hasScannedForEncodings = 0;
			knownRegions = (
				en,
				Base,
			);
			mainGroup = E593DD4127208929006FD2EC;
			productRefGroup = E593DD4B27208929006FD2EC /* Products */;
			projectDirPath = "";
			projectRoot = "";
			targets = (
				E593DD4927208929006FD2EC /* CharactersOfTheUniverseRickAndMorty */,
			);
		};
/* End PBXProject section */

/* Begin PBXResourcesBuildPhase section */
		E593DD4827208929006FD2EC /* Resources */ = {
			isa = PBXResourcesBuildPhase;
			buildActionMask = 2147483647;
			files = (
				E5A4AC7C2721AEEA00435B14 /* .gitignore in Resources */,
				E593DD5A2720892B006FD2EC /* LaunchScreen.storyboard in Resources */,
				E593DD572720892B006FD2EC /* Assets.xcassets in Resources */,
				E593DD5527208929006FD2EC /* Main.storyboard in Resources */,
			);
			runOnlyForDeploymentPostprocessing = 0;
		};
/* End PBXResourcesBuildPhase section */

/* Begin PBXSourcesBuildPhase section */
		E593DD4627208929006FD2EC /* Sources */ = {
			isa = PBXSourcesBuildPhase;
			buildActionMask = 2147483647;
			files = (
				E593DD4E27208929006FD2EC /* AppDelegate.swift in Sources */,
				E593DD5027208929006FD2EC /* SceneDelegate.swift in Sources */,
				E526254A2721CC2600A403DC /* TableViewCell.swift in Sources */,
				E52625482721CA2A00A403DC /* MainTableViewController.swift in Sources */,
				E593DD62272089BA006FD2EC /* CharactersOfTheUniverse.swift in Sources */,
			);
			runOnlyForDeploymentPostprocessing = 0;
		};
/* End PBXSourcesBuildPhase section */

/* Begin PBXVariantGroup section */
		E593DD5327208929006FD2EC /* Main.storyboard */ = {
			isa = PBXVariantGroup;
			children = (
				E593DD5427208929006FD2EC /* Base */,
			);
			name = Main.storyboard;
			sourceTree = "<group>";
		};
		E593DD582720892B006FD2EC /* LaunchScreen.storyboard */ = {
			isa = PBXVariantGroup;
			children = (
				E593DD592720892B006FD2EC /* Base */,
			);
			name = LaunchScreen.storyboard;
			sourceTree = "<group>";
		};
/* End PBXVariantGroup section */

/* Begin XCBuildConfiguration section */
		E593DD5C2720892B006FD2EC /* Debug */ = {
			isa = XCBuildConfiguration;
			buildSettings = {
				ALWAYS_SEARCH_USER_PATHS = NO;
				CLANG_ANALYZER_NONNULL = YES;
				CLANG_ANALYZER_NUMBER_OBJECT_CONVERSION = YES_AGGRESSIVE;
				CLANG_CXX_LANGUAGE_STANDARD = "gnu++17";
				CLANG_CXX_LIBRARY = "libc++";
				CLANG_ENABLE_MODULES = YES;
				CLANG_ENABLE_OBJC_ARC = YES;
				CLANG_ENABLE_OBJC_WEAK = YES;
				CLANG_WARN_BLOCK_CAPTURE_AUTORELEASING = YES;
				CLANG_WARN_BOOL_CONVERSION = YES;
				CLANG_WARN_COMMA = YES;
				CLANG_WARN_CONSTANT_CONVERSION = YES;
				CLANG_WARN_DEPRECATED_OBJC_IMPLEMENTATIONS = YES;
				CLANG_WARN_DIRECT_OBJC_ISA_USAGE = YES_ERROR;
				CLANG_WARN_DOCUMENTATION_COMMENTS = YES;
				CLANG_WARN_EMPTY_BODY = YES;
				CLANG_WARN_ENUM_CONVERSION = YES;
				CLANG_WARN_INFINITE_RECURSION = YES;
				CLANG_WARN_INT_CONVERSION = YES;
				CLANG_WARN_NON_LITERAL_NULL_CONVERSION = YES;
				CLANG_WARN_OBJC_IMPLICIT_RETAIN_SELF = YES;
				CLANG_WARN_OBJC_LITERAL_CONVERSION = YES;
				CLANG_WARN_OBJC_ROOT_CLASS = YES_ERROR;
				CLANG_WARN_QUOTED_INCLUDE_IN_FRAMEWORK_HEADER = YES;
				CLANG_WARN_RANGE_LOOP_ANALYSIS = YES;
				CLANG_WARN_STRICT_PROTOTYPES = YES;
				CLANG_WARN_SUSPICIOUS_MOVE = YES;
				CLANG_WARN_UNGUARDED_AVAILABILITY = YES_AGGRESSIVE;
				CLANG_WARN_UNREACHABLE_CODE = YES;
				CLANG_WARN__DUPLICATE_METHOD_MATCH = YES;
				COPY_PHASE_STRIP = NO;
				DEBUG_INFORMATION_FORMAT = dwarf;
				ENABLE_STRICT_OBJC_MSGSEND = YES;
				ENABLE_TESTABILITY = YES;
				GCC_C_LANGUAGE_STANDARD = gnu11;
				GCC_DYNAMIC_NO_PIC = NO;
				GCC_NO_COMMON_BLOCKS = YES;
				GCC_OPTIMIZATION_LEVEL = 0;
				GCC_PREPROCESSOR_DEFINITIONS = (
					"DEBUG=1",
					"$(inherited)",
				);
				GCC_WARN_64_TO_32_BIT_CONVERSION = YES;
				GCC_WARN_ABOUT_RETURN_TYPE = YES_ERROR;
				GCC_WARN_UNDECLARED_SELECTOR = YES;
				GCC_WARN_UNINITIALIZED_AUTOS = YES_AGGRESSIVE;
				GCC_WARN_UNUSED_FUNCTION = YES;
				GCC_WARN_UNUSED_VARIABLE = YES;
				IPHONEOS_DEPLOYMENT_TARGET = 15.0;
				MTL_ENABLE_DEBUG_INFO = INCLUDE_SOURCE;
				MTL_FAST_MATH = YES;
				ONLY_ACTIVE_ARCH = YES;
				SDKROOT = iphoneos;
				SWIFT_ACTIVE_COMPILATION_CONDITIONS = DEBUG;
				SWIFT_OPTIMIZATION_LEVEL = "-Onone";
			};
			name = Debug;
		};
		E593DD5D2720892B006FD2EC /* Release */ = {
			isa = XCBuildConfiguration;
			buildSettings = {
				ALWAYS_SEARCH_USER_PATHS = NO;
				CLANG_ANALYZER_NONNULL = YES;
				CLANG_ANALYZER_NUMBER_OBJECT_CONVERSION = YES_AGGRESSIVE;
				CLANG_CXX_LANGUAGE_STANDARD = "gnu++17";
				CLANG_CXX_LIBRARY = "libc++";
				CLANG_ENABLE_MODULES = YES;
				CLANG_ENABLE_OBJC_ARC = YES;
				CLANG_ENABLE_OBJC_WEAK = YES;
				CLANG_WARN_BLOCK_CAPTURE_AUTORELEASING = YES;
				CLANG_WARN_BOOL_CONVERSION = YES;
				CLANG_WARN_COMMA = YES;
				CLANG_WARN_CONSTANT_CONVERSION = YES;
				CLANG_WARN_DEPRECATED_OBJC_IMPLEMENTATIONS = YES;
				CLANG_WARN_DIRECT_OBJC_ISA_USAGE = YES_ERROR;
				CLANG_WARN_DOCUMENTATION_COMMENTS = YES;
				CLANG_WARN_EMPTY_BODY = YES;
				CLANG_WARN_ENUM_CONVERSION = YES;
				CLANG_WARN_INFINITE_RECURSION = YES;
				CLANG_WARN_INT_CONVERSION = YES;
				CLANG_WARN_NON_LITERAL_NULL_CONVERSION = YES;
				CLANG_WARN_OBJC_IMPLICIT_RETAIN_SELF = YES;
				CLANG_WARN_OBJC_LITERAL_CONVERSION = YES;
				CLANG_WARN_OBJC_ROOT_CLASS = YES_ERROR;
				CLANG_WARN_QUOTED_INCLUDE_IN_FRAMEWORK_HEADER = YES;
				CLANG_WARN_RANGE_LOOP_ANALYSIS = YES;
				CLANG_WARN_STRICT_PROTOTYPES = YES;
				CLANG_WARN_SUSPICIOUS_MOVE = YES;
				CLANG_WARN_UNGUARDED_AVAILABILITY = YES_AGGRESSIVE;
				CLANG_WARN_UNREACHABLE_CODE = YES;
				CLANG_WARN__DUPLICATE_METHOD_MATCH = YES;
				COPY_PHASE_STRIP = NO;
				DEBUG_INFORMATION_FORMAT = "dwarf-with-dsym";
				ENABLE_NS_ASSERTIONS = NO;
				ENABLE_STRICT_OBJC_MSGSEND = YES;
				GCC_C_LANGUAGE_STANDARD = gnu11;
				GCC_NO_COMMON_BLOCKS = YES;
				GCC_WARN_64_TO_32_BIT_CONVERSION = YES;
				GCC_WARN_ABOUT_RETURN_TYPE = YES_ERROR;
				GCC_WARN_UNDECLARED_SELECTOR = YES;
				GCC_WARN_UNINITIALIZED_AUTOS = YES_AGGRESSIVE;
				GCC_WARN_UNUSED_FUNCTION = YES;
				GCC_WARN_UNUSED_VARIABLE = YES;
				IPHONEOS_DEPLOYMENT_TARGET = 15.0;
				MTL_ENABLE_DEBUG_INFO = NO;
				MTL_FAST_MATH = YES;
				SDKROOT = iphoneos;
				SWIFT_COMPILATION_MODE = wholemodule;
				SWIFT_OPTIMIZATION_LEVEL = "-O";
				VALIDATE_PRODUCT = YES;
			};
			name = Release;
		};
		E593DD5F2720892B006FD2EC /* Debug */ = {
			isa = XCBuildConfiguration;
			buildSettings = {
				ASSETCATALOG_COMPILER_APPICON_NAME = AppIcon;
				ASSETCATALOG_COMPILER_GLOBAL_ACCENT_COLOR_NAME = AccentColor;
				CODE_SIGN_STYLE = Automatic;
				CURRENT_PROJECT_VERSION = 1;
				DEVELOPMENT_TEAM = 6646H966Z4;
				GENERATE_INFOPLIST_FILE = YES;
				INFOPLIST_FILE = "CharactersOfTheUniverseRickAndMorty/Supported Files/Info.plist";
				INFOPLIST_KEY_UIApplicationSupportsIndirectInputEvents = YES;
				INFOPLIST_KEY_UILaunchStoryboardName = LaunchScreen;
				INFOPLIST_KEY_UIMainStoryboardFile = Main;
				INFOPLIST_KEY_UISupportedInterfaceOrientations_iPad = "UIInterfaceOrientationPortrait UIInterfaceOrientationPortraitUpsideDown UIInterfaceOrientationLandscapeLeft UIInterfaceOrientationLandscapeRight";
				INFOPLIST_KEY_UISupportedInterfaceOrientations_iPhone = "UIInterfaceOrientationPortrait UIInterfaceOrientationLandscapeLeft UIInterfaceOrientationLandscapeRight";
				LD_RUNPATH_SEARCH_PATHS = (
					"$(inherited)",
					"@executable_path/Frameworks",
				);
				MARKETING_VERSION = 1.0;
				PRODUCT_BUNDLE_IDENTIFIER = My.CharactersOfTheUniverseRickAndMorty;
				PRODUCT_NAME = "$(TARGET_NAME)";
				SWIFT_EMIT_LOC_STRINGS = YES;
				SWIFT_VERSION = 5.0;
				TARGETED_DEVICE_FAMILY = "1,2";
			};
			name = Debug;
		};
		E593DD602720892B006FD2EC /* Release */ = {
			isa = XCBuildConfiguration;
			buildSettings = {
				ASSETCATALOG_COMPILER_APPICON_NAME = AppIcon;
				ASSETCATALOG_COMPILER_GLOBAL_ACCENT_COLOR_NAME = AccentColor;
				CODE_SIGN_STYLE = Automatic;
				CURRENT_PROJECT_VERSION = 1;
				DEVELOPMENT_TEAM = 6646H966Z4;
				GENERATE_INFOPLIST_FILE = YES;
				INFOPLIST_FILE = "CharactersOfTheUniverseRickAndMorty/Supported Files/Info.plist";
				INFOPLIST_KEY_UIApplicationSupportsIndirectInputEvents = YES;
				INFOPLIST_KEY_UILaunchStoryboardName = LaunchScreen;
				INFOPLIST_KEY_UIMainStoryboardFile = Main;
				INFOPLIST_KEY_UISupportedInterfaceOrientations_iPad = "UIInterfaceOrientationPortrait UIInterfaceOrientationPortraitUpsideDown UIInterfaceOrientationLandscapeLeft UIInterfaceOrientationLandscapeRight";
				INFOPLIST_KEY_UISupportedInterfaceOrientations_iPhone = "UIInterfaceOrientationPortrait UIInterfaceOrientationLandscapeLeft UIInterfaceOrientationLandscapeRight";
				LD_RUNPATH_SEARCH_PATHS = (
					"$(inherited)",
					"@executable_path/Frameworks",
				);
				MARKETING_VERSION = 1.0;
				PRODUCT_BUNDLE_IDENTIFIER = My.CharactersOfTheUniverseRickAndMorty;
				PRODUCT_NAME = "$(TARGET_NAME)";
				SWIFT_EMIT_LOC_STRINGS = YES;
				SWIFT_VERSION = 5.0;
				TARGETED_DEVICE_FAMILY = "1,2";
			};
			name = Release;
		};
/* End XCBuildConfiguration section */

/* Begin XCConfigurationList section */
		E593DD4527208929006FD2EC /* Build configuration list for PBXProject "CharactersOfTheUniverseRickAndMorty" */ = {
			isa = XCConfigurationList;
			buildConfigurations = (
				E593DD5C2720892B006FD2EC /* Debug */,
				E593DD5D2720892B006FD2EC /* Release */,
			);
			defaultConfigurationIsVisible = 0;
			defaultConfigurationName = Release;
		};
		E593DD5E2720892B006FD2EC /* Build configuration list for PBXNativeTarget "CharactersOfTheUniverseRickAndMorty" */ = {
			isa = XCConfigurationList;
			buildConfigurations = (
				E593DD5F2720892B006FD2EC /* Debug */,
				E593DD602720892B006FD2EC /* Release */,
			);
			defaultConfigurationIsVisible = 0;
			defaultConfigurationName = Release;
		};
/* End XCConfigurationList section */
	};
	rootObject = E593DD4227208929006FD2EC /* Project object */;
}
